// !$*UTF8*$!
{
	archiveVersion = 1;
	classes = {
	};
	objectVersion = 46;
	objects = {

/* Begin PBXBuildFile section */
		1D4E7C64FBA1A30C687D68CA /* libPods-LZAFRequestUITests.a in Frameworks */ = {isa = PBXBuildFile; fileRef = B74C72E37FC00D535B73068F /* libPods-LZAFRequestUITests.a */; };
		B72359181D45C25C0057E08D /* main.m in Sources */ = {isa = PBXBuildFile; fileRef = B72359171D45C25C0057E08D /* main.m */; };
		B723591B1D45C25C0057E08D /* AppDelegate.m in Sources */ = {isa = PBXBuildFile; fileRef = B723591A1D45C25C0057E08D /* AppDelegate.m */; };
		B723591E1D45C25C0057E08D /* ViewController.m in Sources */ = {isa = PBXBuildFile; fileRef = B723591D1D45C25C0057E08D /* ViewController.m */; };
		B72359211D45C25C0057E08D /* Main.storyboard in Resources */ = {isa = PBXBuildFile; fileRef = B723591F1D45C25C0057E08D /* Main.storyboard */; };
		B72359231D45C25C0057E08D /* Assets.xcassets in Resources */ = {isa = PBXBuildFile; fileRef = B72359221D45C25C0057E08D /* Assets.xcassets */; };
		B72359261D45C25C0057E08D /* LaunchScreen.storyboard in Resources */ = {isa = PBXBuildFile; fileRef = B72359241D45C25C0057E08D /* LaunchScreen.storyboard */; };
		B72359311D45C25C0057E08D /* LZAFRequestTests.m in Sources */ = {isa = PBXBuildFile; fileRef = B72359301D45C25C0057E08D /* LZAFRequestTests.m */; };
		B723593C1D45C25C0057E08D /* LZAFRequestUITests.m in Sources */ = {isa = PBXBuildFile; fileRef = B723593B1D45C25C0057E08D /* LZAFRequestUITests.m */; };
		B723594B1D45DC640057E08D /* NetWork.m in Sources */ = {isa = PBXBuildFile; fileRef = B723594A1D45DC640057E08D /* NetWork.m */; };
		B7D84F431D58554F0090FE12 /* LZCache.m in Sources */ = {isa = PBXBuildFile; fileRef = B7D84F421D58554F0090FE12 /* LZCache.m */; };
		B7D84F471D5855EB0090FE12 /* NSString+Hashing.m in Sources */ = {isa = PBXBuildFile; fileRef = B7D84F461D5855EB0090FE12 /* NSString+Hashing.m */; };
		B8F1A3B3BB292EB1A3728837 /* libPods-LZAFRequest.a in Frameworks */ = {isa = PBXBuildFile; fileRef = 8C620133E379FA306FA21594 /* libPods-LZAFRequest.a */; };
		C887A345ADBE28022D515E0E /* libPods-LZAFRequestTests.a in Frameworks */ = {isa = PBXBuildFile; fileRef = 9701FA6FCF263274E3F81849 /* libPods-LZAFRequestTests.a */; };
/* End PBXBuildFile section */

/* Begin PBXContainerItemProxy section */
		B723592D1D45C25C0057E08D /* PBXContainerItemProxy */ = {
			isa = PBXContainerItemProxy;
			containerPortal = B723590B1D45C25C0057E08D /* Project object */;
			proxyType = 1;
			remoteGlobalIDString = B72359121D45C25C0057E08D;
			remoteInfo = LZAFRequest;
		};
		B72359381D45C25C0057E08D /* PBXContainerItemProxy */ = {
			isa = PBXContainerItemProxy;
			containerPortal = B723590B1D45C25C0057E08D /* Project object */;
			proxyType = 1;
			remoteGlobalIDString = B72359121D45C25C0057E08D;
			remoteInfo = LZAFRequest;
		};
/* End PBXContainerItemProxy section */

/* Begin PBXFileReference section */
		131549A63CCCF2C4371CC15D /* Pods-LZAFRequestUITests.release.xcconfig */ = {isa = PBXFileReference; includeInIndex = 1; lastKnownFileType = text.xcconfig; name = "Pods-LZAFRequestUITests.release.xcconfig"; path = "Pods/Target Support Files/Pods-LZAFRequestUITests/Pods-LZAFRequestUITests.release.xcconfig"; sourceTree = "<group>"; };
		5176AF02FC1C143F35E928FD /* Pods-LZAFRequestTests.release.xcconfig */ = {isa = PBXFileReference; includeInIndex = 1; lastKnownFileType = text.xcconfig; name = "Pods-LZAFRequestTests.release.xcconfig"; path = "Pods/Target Support Files/Pods-LZAFRequestTests/Pods-LZAFRequestTests.release.xcconfig"; sourceTree = "<group>"; };
		69B75F2B9FDA37CF087A93A5 /* Pods-LZAFRequestUITests.debug.xcconfig */ = {isa = PBXFileReference; includeInIndex = 1; lastKnownFileType = text.xcconfig; name = "Pods-LZAFRequestUITests.debug.xcconfig"; path = "Pods/Target Support Files/Pods-LZAFRequestUITests/Pods-LZAFRequestUITests.debug.xcconfig"; sourceTree = "<group>"; };
		8C620133E379FA306FA21594 /* libPods-LZAFRequest.a */ = {isa = PBXFileReference; explicitFileType = archive.ar; includeInIndex = 0; path = "libPods-LZAFRequest.a"; sourceTree = BUILT_PRODUCTS_DIR; };
		91146D763584070CFA884E23 /* Pods-LZAFRequestTests.debug.xcconfig */ = {isa = PBXFileReference; includeInIndex = 1; lastKnownFileType = text.xcconfig; name = "Pods-LZAFRequestTests.debug.xcconfig"; path = "Pods/Target Support Files/Pods-LZAFRequestTests/Pods-LZAFRequestTests.debug.xcconfig"; sourceTree = "<group>"; };
		9701FA6FCF263274E3F81849 /* libPods-LZAFRequestTests.a */ = {isa = PBXFileReference; explicitFileType = archive.ar; includeInIndex = 0; path = "libPods-LZAFRequestTests.a"; sourceTree = BUILT_PRODUCTS_DIR; };
		B72359131D45C25C0057E08D /* LZAFRequest.app */ = {isa = PBXFileReference; explicitFileType = wrapper.application; includeInIndex = 0; path = LZAFRequest.app; sourceTree = BUILT_PRODUCTS_DIR; };
		B72359171D45C25C0057E08D /* main.m */ = {isa = PBXFileReference; lastKnownFileType = sourcecode.c.objc; path = main.m; sourceTree = "<group>"; };
		B72359191D45C25C0057E08D /* AppDelegate.h */ = {isa = PBXFileReference; lastKnownFileType = sourcecode.c.h; path = AppDelegate.h; sourceTree = "<group>"; };
		B723591A1D45C25C0057E08D /* AppDelegate.m */ = {isa = PBXFileReference; lastKnownFileType = sourcecode.c.objc; path = AppDelegate.m; sourceTree = "<group>"; };
		B723591C1D45C25C0057E08D /* ViewController.h */ = {isa = PBXFileReference; lastKnownFileType = sourcecode.c.h; path = ViewController.h; sourceTree = "<group>"; };
		B723591D1D45C25C0057E08D /* ViewController.m */ = {isa = PBXFileReference; lastKnownFileType = sourcecode.c.objc; path = ViewController.m; sourceTree = "<group>"; };
		B72359201D45C25C0057E08D /* Base */ = {isa = PBXFileReference; lastKnownFileType = file.storyboard; name = Base; path = Base.lproj/Main.storyboard; sourceTree = "<group>"; };
		B72359221D45C25C0057E08D /* Assets.xcassets */ = {isa = PBXFileReference; lastKnownFileType = folder.assetcatalog; path = Assets.xcassets; sourceTree = "<group>"; };
		B72359251D45C25C0057E08D /* Base */ = {isa = PBXFileReference; lastKnownFileType = file.storyboard; name = Base; path = Base.lproj/LaunchScreen.storyboard; sourceTree = "<group>"; };
		B72359271D45C25C0057E08D /* Info.plist */ = {isa = PBXFileReference; lastKnownFileType = text.plist.xml; path = Info.plist; sourceTree = "<group>"; };
		B723592C1D45C25C0057E08D /* LZAFRequestTests.xctest */ = {isa = PBXFileReference; explicitFileType = wrapper.cfbundle; includeInIndex = 0; path = LZAFRequestTests.xctest; sourceTree = BUILT_PRODUCTS_DIR; };
		B72359301D45C25C0057E08D /* LZAFRequestTests.m */ = {isa = PBXFileReference; lastKnownFileType = sourcecode.c.objc; path = LZAFRequestTests.m; sourceTree = "<group>"; };
		B72359321D45C25C0057E08D /* Info.plist */ = {isa = PBXFileReference; lastKnownFileType = text.plist.xml; path = Info.plist; sourceTree = "<group>"; };
		B72359371D45C25C0057E08D /* LZAFRequestUITests.xctest */ = {isa = PBXFileReference; explicitFileType = wrapper.cfbundle; includeInIndex = 0; path = LZAFRequestUITests.xctest; sourceTree = BUILT_PRODUCTS_DIR; };
		B723593B1D45C25C0057E08D /* LZAFRequestUITests.m */ = {isa = PBXFileReference; lastKnownFileType = sourcecode.c.objc; path = LZAFRequestUITests.m; sourceTree = "<group>"; };
		B723593D1D45C25C0057E08D /* Info.plist */ = {isa = PBXFileReference; lastKnownFileType = text.plist.xml; path = Info.plist; sourceTree = "<group>"; };
		B72359491D45DC640057E08D /* NetWork.h */ = {isa = PBXFileReference; fileEncoding = 4; lastKnownFileType = sourcecode.c.h; path = NetWork.h; sourceTree = "<group>"; };
		B723594A1D45DC640057E08D /* NetWork.m */ = {isa = PBXFileReference; fileEncoding = 4; lastKnownFileType = sourcecode.c.objc; path = NetWork.m; sourceTree = "<group>"; };
		B74C72E37FC00D535B73068F /* libPods-LZAFRequestUITests.a */ = {isa = PBXFileReference; explicitFileType = archive.ar; includeInIndex = 0; path = "libPods-LZAFRequestUITests.a"; sourceTree = BUILT_PRODUCTS_DIR; };
		B7D84F411D58554F0090FE12 /* LZCache.h */ = {isa = PBXFileReference; fileEncoding = 4; lastKnownFileType = sourcecode.c.h; path = LZCache.h; sourceTree = "<group>"; };
		B7D84F421D58554F0090FE12 /* LZCache.m */ = {isa = PBXFileReference; fileEncoding = 4; lastKnownFileType = sourcecode.c.objc; path = LZCache.m; sourceTree = "<group>"; };
		B7D84F451D5855EB0090FE12 /* NSString+Hashing.h */ = {isa = PBXFileReference; fileEncoding = 4; lastKnownFileType = sourcecode.c.h; path = "NSString+Hashing.h"; sourceTree = "<group>"; };
		B7D84F461D5855EB0090FE12 /* NSString+Hashing.m */ = {isa = PBXFileReference; fileEncoding = 4; lastKnownFileType = sourcecode.c.objc; path = "NSString+Hashing.m"; sourceTree = "<group>"; };
		CE7590514FACD689DC5EB965 /* Pods-LZAFRequest.release.xcconfig */ = {isa = PBXFileReference; includeInIndex = 1; lastKnownFileType = text.xcconfig; name = "Pods-LZAFRequest.release.xcconfig"; path = "Pods/Target Support Files/Pods-LZAFRequest/Pods-LZAFRequest.release.xcconfig"; sourceTree = "<group>"; };
		D426BCF6BF626E2129261646 /* Pods-LZAFRequest.debug.xcconfig */ = {isa = PBXFileReference; includeInIndex = 1; lastKnownFileType = text.xcconfig; name = "Pods-LZAFRequest.debug.xcconfig"; path = "Pods/Target Support Files/Pods-LZAFRequest/Pods-LZAFRequest.debug.xcconfig"; sourceTree = "<group>"; };
/* End PBXFileReference section */

/* Begin PBXFrameworksBuildPhase section */
		B72359101D45C25C0057E08D /* Frameworks */ = {
			isa = PBXFrameworksBuildPhase;
			buildActionMask = 2147483647;
			files = (
				B8F1A3B3BB292EB1A3728837 /* libPods-LZAFRequest.a in Frameworks */,
			);
			runOnlyForDeploymentPostprocessing = 0;
		};
		B72359291D45C25C0057E08D /* Frameworks */ = {
			isa = PBXFrameworksBuildPhase;
			buildActionMask = 2147483647;
			files = (
				C887A345ADBE28022D515E0E /* libPods-LZAFRequestTests.a in Frameworks */,
			);
			runOnlyForDeploymentPostprocessing = 0;
		};
		B72359341D45C25C0057E08D /* Frameworks */ = {
			isa = PBXFrameworksBuildPhase;
			buildActionMask = 2147483647;
			files = (
				1D4E7C64FBA1A30C687D68CA /* libPods-LZAFRequestUITests.a in Frameworks */,
			);
			runOnlyForDeploymentPostprocessing = 0;
		};
/* End PBXFrameworksBuildPhase section */

/* Begin PBXGroup section */
		30D12A2BE6476A982768563B /* Frameworks */ = {
			isa = PBXGroup;
			children = (
				8C620133E379FA306FA21594 /* libPods-LZAFRequest.a */,
				9701FA6FCF263274E3F81849 /* libPods-LZAFRequestTests.a */,
				B74C72E37FC00D535B73068F /* libPods-LZAFRequestUITests.a */,
			);
			name = Frameworks;
			sourceTree = "<group>";
		};
		4EEBFACD4AD855D3A0F8AB32 /* Pods */ = {
			isa = PBXGroup;
			children = (
				D426BCF6BF626E2129261646 /* Pods-LZAFRequest.debug.xcconfig */,
				CE7590514FACD689DC5EB965 /* Pods-LZAFRequest.release.xcconfig */,
				91146D763584070CFA884E23 /* Pods-LZAFRequestTests.debug.xcconfig */,
				5176AF02FC1C143F35E928FD /* Pods-LZAFRequestTests.release.xcconfig */,
				69B75F2B9FDA37CF087A93A5 /* Pods-LZAFRequestUITests.debug.xcconfig */,
				131549A63CCCF2C4371CC15D /* Pods-LZAFRequestUITests.release.xcconfig */,
			);
			name = Pods;
			sourceTree = "<group>";
		};
		B723590A1D45C25C0057E08D = {
			isa = PBXGroup;
			children = (
				B72359151D45C25C0057E08D /* LZAFRequest */,
				B723592F1D45C25C0057E08D /* LZAFRequestTests */,
				B723593A1D45C25C0057E08D /* LZAFRequestUITests */,
				B72359141D45C25C0057E08D /* Products */,
				4EEBFACD4AD855D3A0F8AB32 /* Pods */,
				30D12A2BE6476A982768563B /* Frameworks */,
			);
			sourceTree = "<group>";
		};
		B72359141D45C25C0057E08D /* Products */ = {
			isa = PBXGroup;
			children = (
				B72359131D45C25C0057E08D /* LZAFRequest.app */,
				B723592C1D45C25C0057E08D /* LZAFRequestTests.xctest */,
				B72359371D45C25C0057E08D /* LZAFRequestUITests.xctest */,
			);
			name = Products;
			sourceTree = "<group>";
		};
		B72359151D45C25C0057E08D /* LZAFRequest */ = {
			isa = PBXGroup;
			children = (
				B7D84F441D5855EB0090FE12 /* MD5 */,
				B72359191D45C25C0057E08D /* AppDelegate.h */,
				B723591A1D45C25C0057E08D /* AppDelegate.m */,
				B723591C1D45C25C0057E08D /* ViewController.h */,
				B723591D1D45C25C0057E08D /* ViewController.m */,
				B72359491D45DC640057E08D /* NetWork.h */,
				B723594A1D45DC640057E08D /* NetWork.m */,
				B7D84F411D58554F0090FE12 /* LZCache.h */,
				B7D84F421D58554F0090FE12 /* LZCache.m */,
				B723591F1D45C25C0057E08D /* Main.storyboard */,
				B72359221D45C25C0057E08D /* Assets.xcassets */,
				B72359241D45C25C0057E08D /* LaunchScreen.storyboard */,
				B72359271D45C25C0057E08D /* Info.plist */,
				B72359161D45C25C0057E08D /* Supporting Files */,
			);
			path = LZAFRequest;
			sourceTree = "<group>";
		};
		B72359161D45C25C0057E08D /* Supporting Files */ = {
			isa = PBXGroup;
			children = (
				B72359171D45C25C0057E08D /* main.m */,
			);
			name = "Supporting Files";
			sourceTree = "<group>";
		};
		B723592F1D45C25C0057E08D /* LZAFRequestTests */ = {
			isa = PBXGroup;
			children = (
				B72359301D45C25C0057E08D /* LZAFRequestTests.m */,
				B72359321D45C25C0057E08D /* Info.plist */,
			);
			path = LZAFRequestTests;
			sourceTree = "<group>";
		};
		B723593A1D45C25C0057E08D /* LZAFRequestUITests */ = {
			isa = PBXGroup;
			children = (
				B723593B1D45C25C0057E08D /* LZAFRequestUITests.m */,
				B723593D1D45C25C0057E08D /* Info.plist */,
			);
			path = LZAFRequestUITests;
			sourceTree = "<group>";
		};
		B7D84F441D5855EB0090FE12 /* MD5 */ = {
			isa = PBXGroup;
			children = (
				B7D84F451D5855EB0090FE12 /* NSString+Hashing.h */,
				B7D84F461D5855EB0090FE12 /* NSString+Hashing.m */,
			);
			path = MD5;
			sourceTree = "<group>";
		};
/* End PBXGroup section */

/* Begin PBXNativeTarget section */
		B72359121D45C25C0057E08D /* LZAFRequest */ = {
			isa = PBXNativeTarget;
			buildConfigurationList = B72359401D45C25C0057E08D /* Build configuration list for PBXNativeTarget "LZAFRequest" */;
			buildPhases = (
				A200D6E46B920A1F7641CADE /* [CP] Check Pods Manifest.lock */,
				B723590F1D45C25C0057E08D /* Sources */,
				B72359101D45C25C0057E08D /* Frameworks */,
				B72359111D45C25C0057E08D /* Resources */,
			);
			buildRules = (
			);
			dependencies = (
			);
			name = LZAFRequest;
			productName = LZAFRequest;
			productReference = B72359131D45C25C0057E08D /* LZAFRequest.app */;
			productType = "com.apple.product-type.application";
		};
		B723592B1D45C25C0057E08D /* LZAFRequestTests */ = {
			isa = PBXNativeTarget;
			buildConfigurationList = B72359431D45C25C0057E08D /* Build configuration list for PBXNativeTarget "LZAFRequestTests" */;
			buildPhases = (
				EA581E5669DE3DE64CBD0C93 /* [CP] Check Pods Manifest.lock */,
				B72359281D45C25C0057E08D /* Sources */,
				B72359291D45C25C0057E08D /* Frameworks */,
				B723592A1D45C25C0057E08D /* Resources */,
			);
			buildRules = (
			);
			dependencies = (
				B723592E1D45C25C0057E08D /* PBXTargetDependency */,
			);
			name = LZAFRequestTests;
			productName = LZAFRequestTests;
			productReference = B723592C1D45C25C0057E08D /* LZAFRequestTests.xctest */;
			productType = "com.apple.product-type.bundle.unit-test";
		};
		B72359361D45C25C0057E08D /* LZAFRequestUITests */ = {
			isa = PBXNativeTarget;
			buildConfigurationList = B72359461D45C25C0057E08D /* Build configuration list for PBXNativeTarget "LZAFRequestUITests" */;
			buildPhases = (
				3249D887FDF467579AD97A4B /* [CP] Check Pods Manifest.lock */,
				B72359331D45C25C0057E08D /* Sources */,
				B72359341D45C25C0057E08D /* Frameworks */,
				B72359351D45C25C0057E08D /* Resources */,
			);
			buildRules = (
			);
			dependencies = (
				B72359391D45C25C0057E08D /* PBXTargetDependency */,
			);
			name = LZAFRequestUITests;
			productName = LZAFRequestUITests;
			productReference = B72359371D45C25C0057E08D /* LZAFRequestUITests.xctest */;
			productType = "com.apple.product-type.bundle.ui-testing";
		};
/* End PBXNativeTarget section */

/* Begin PBXProject section */
		B723590B1D45C25C0057E08D /* Project object */ = {
			isa = PBXProject;
			attributes = {
				LastUpgradeCheck = 0730;
				ORGANIZATIONNAME = lizhen;
				TargetAttributes = {
					B72359121D45C25C0057E08D = {
						CreatedOnToolsVersion = 7.3.1;
					};
					B723592B1D45C25C0057E08D = {
						CreatedOnToolsVersion = 7.3.1;
						TestTargetID = B72359121D45C25C0057E08D;
					};
					B72359361D45C25C0057E08D = {
						CreatedOnToolsVersion = 7.3.1;
						TestTargetID = B72359121D45C25C0057E08D;
					};
				};
			};
			buildConfigurationList = B723590E1D45C25C0057E08D /* Build configuration list for PBXProject "LZAFRequest" */;
			compatibilityVersion = "Xcode 3.2";
			developmentRegion = English;
			hasScannedForEncodings = 0;
			knownRegions = (
				en,
				Base,
			);
			mainGroup = B723590A1D45C25C0057E08D;
			productRefGroup = B72359141D45C25C0057E08D /* Products */;
			projectDirPath = "";
			projectRoot = "";
			targets = (
				B72359121D45C25C0057E08D /* LZAFRequest */,
				B723592B1D45C25C0057E08D /* LZAFRequestTests */,
				B72359361D45C25C0057E08D /* LZAFRequestUITests */,
			);
		};
/* End PBXProject section */

/* Begin PBXResourcesBuildPhase section */
		B72359111D45C25C0057E08D /* Resources */ = {
			isa = PBXResourcesBuildPhase;
			buildActionMask = 2147483647;
			files = (
				B72359261D45C25C0057E08D /* LaunchScreen.storyboard in Resources */,
				B72359231D45C25C0057E08D /* Assets.xcassets in Resources */,
				B72359211D45C25C0057E08D /* Main.storyboard in Resources */,
			);
			runOnlyForDeploymentPostprocessing = 0;
		};
		B723592A1D45C25C0057E08D /* Resources */ = {
			isa = PBXResourcesBuildPhase;
			buildActionMask = 2147483647;
			files = (
			);
			runOnlyForDeploymentPostprocessing = 0;
		};
		B72359351D45C25C0057E08D /* Resources */ = {
			isa = PBXResourcesBuildPhase;
			buildActionMask = 2147483647;
			files = (
			);
			runOnlyForDeploymentPostprocessing = 0;
		};
/* End PBXResourcesBuildPhase section */

/* Begin PBXShellScriptBuildPhase section */
		3249D887FDF467579AD97A4B /* [CP] Check Pods Manifest.lock */ = {
			isa = PBXShellScriptBuildPhase;
			buildActionMask = 2147483647;
			files = (
			);
			inputPaths = (
				"${PODS_PODFILE_DIR_PATH}/Podfile.lock",
				"${PODS_ROOT}/Manifest.lock",
			);
			name = "[CP] Check Pods Manifest.lock";
			outputPaths = (
				"$(DERIVED_FILE_DIR)/Pods-LZAFRequestUITests-checkManifestLockResult.txt",
			);
			runOnlyForDeploymentPostprocessing = 0;
			shellPath = /bin/sh;
			shellScript = "diff \"${PODS_PODFILE_DIR_PATH}/Podfile.lock\" \"${PODS_ROOT}/Manifest.lock\" > /dev/null\nif [ $? != 0 ] ; then\n    # print error to STDERR\n    echo \"error: The sandbox is not in sync with the Podfile.lock. Run 'pod install' or update your CocoaPods installation.\" >&2\n    exit 1\nfi\n# This output is used by Xcode 'outputs' to avoid re-running this script phase.\necho \"SUCCESS\" > \"${SCRIPT_OUTPUT_FILE_0}\"\n";
			showEnvVarsInLog = 0;
		};
		A200D6E46B920A1F7641CADE /* [CP] Check Pods Manifest.lock */ = {
			isa = PBXShellScriptBuildPhase;
			buildActionMask = 2147483647;
			files = (
			);
			inputPaths = (
				"${PODS_PODFILE_DIR_PATH}/Podfile.lock",
				"${PODS_ROOT}/Manifest.lock",
			);
			name = "[CP] Check Pods Manifest.lock";
			outputPaths = (
				"$(DERIVED_FILE_DIR)/Pods-LZAFRequest-checkManifestLockResult.txt",
			);
			runOnlyForDeploymentPostprocessing = 0;
			shellPath = /bin/sh;
			shellScript = "diff \"${PODS_PODFILE_DIR_PATH}/Podfile.lock\" \"${PODS_ROOT}/Manifest.lock\" > /dev/null\nif [ $? != 0 ] ; then\n    # print error to STDERR\n    echo \"error: The sandbox is not in sync with the Podfile.lock. Run 'pod install' or update your CocoaPods installation.\" >&2\n    exit 1\nfi\n# This output is used by Xcode 'outputs' to avoid re-running this script phase.\necho \"SUCCESS\" > \"${SCRIPT_OUTPUT_FILE_0}\"\n";
			showEnvVarsInLog = 0;
		};
		EA581E5669DE3DE64CBD0C93 /* [CP] Check Pods Manifest.lock */ = {
			isa = PBXShellScriptBuildPhase;
			buildActionMask = 2147483647;
			files = (
			);
			inputPaths = (
				"${PODS_PODFILE_DIR_PATH}/Podfile.lock",
				"${PODS_ROOT}/Manifest.lock",
			);
			name = "[CP] Check Pods Manifest.lock";
			outputPaths = (
				"$(DERIVED_FILE_DIR)/Pods-LZAFRequestTests-checkManifestLockResult.txt",
			);
			runOnlyForDeploymentPostprocessing = 0;
			shellPath = /bin/sh;
			shellScript = "diff \"${PODS_PODFILE_DIR_PATH}/Podfile.lock\" \"${PODS_ROOT}/Manifest.lock\" > /dev/null\nif [ $? != 0 ] ; then\n    # print error to STDERR\n    echo \"error: The sandbox is not in sync with the Podfile.lock. Run 'pod install' or update your CocoaPods installation.\" >&2\n    exit 1\nfi\n# This output is used by Xcode 'outputs' to avoid re-running this script phase.\necho \"SUCCESS\" > \"${SCRIPT_OUTPUT_FILE_0}\"\n";
			showEnvVarsInLog = 0;
		};
/* End PBXShellScriptBuildPhase section */

/* Begin PBXSourcesBuildPhase section */
		B723590F1D45C25C0057E08D /* Sources */ = {
			isa = PBXSourcesBuildPhase;
			buildActionMask = 2147483647;
			files = (
				B7D84F471D5855EB0090FE12 /* NSString+Hashing.m in Sources */,
				B7D84F431D58554F0090FE12 /* LZCache.m in Sources */,
				B723591E1D45C25C0057E08D /* ViewController.m in Sources */,
				B723594B1D45DC640057E08D /* NetWork.m in Sources */,
				B723591B1D45C25C0057E08D /* AppDelegate.m in Sources */,
				B72359181D45C25C0057E08D /* main.m in Sources */,
			);
			runOnlyForDeploymentPostprocessing = 0;
		};
		B72359281D45C25C0057E08D /* Sources */ = {
			isa = PBXSourcesBuildPhase;
			buildActionMask = 2147483647;
			files = (
				B72359311D45C25C0057E08D /* LZAFRequestTests.m in Sources */,
			);
			runOnlyForDeploymentPostprocessing = 0;
		};
		B72359331D45C25C0057E08D /* Sources */ = {
			isa = PBXSourcesBuildPhase;
			buildActionMask = 2147483647;
			files = (
				B723593C1D45C25C0057E08D /* LZAFRequestUITests.m in Sources */,
			);
			runOnlyForDeploymentPostprocessing = 0;
		};
/* End PBXSourcesBuildPhase section */

/* Begin PBXTargetDependency section */
		B723592E1D45C25C0057E08D /* PBXTargetDependency */ = {
			isa = PBXTargetDependency;
			target = B72359121D45C25C0057E08D /* LZAFRequest */;
			targetProxy = B723592D1D45C25C0057E08D /* PBXContainerItemProxy */;
		};
		B72359391D45C25C0057E08D /* PBXTargetDependency */ = {
			isa = PBXTargetDependency;
			target = B72359121D45C25C0057E08D /* LZAFRequest */;
			targetProxy = B72359381D45C25C0057E08D /* PBXContainerItemProxy */;
		};
/* End PBXTargetDependency section */

/* Begin PBXVariantGroup section */
		B723591F1D45C25C0057E08D /* Main.storyboard */ = {
			isa = PBXVariantGroup;
			children = (
				B72359201D45C25C0057E08D /* Base */,
			);
			name = Main.storyboard;
			sourceTree = "<group>";
		};
		B72359241D45C25C0057E08D /* LaunchScreen.storyboard */ = {
			isa = PBXVariantGroup;
			children = (
				B72359251D45C25C0057E08D /* Base */,
			);
			name = LaunchScreen.storyboard;
			sourceTree = "<group>";
		};
/* End PBXVariantGroup section */

/* Begin XCBuildConfiguration section */
		B723593E1D45C25C0057E08D /* Debug */ = {
			isa = XCBuildConfiguration;
			buildSettings = {
				ALWAYS_SEARCH_USER_PATHS = NO;
				CLANG_ANALYZER_NONNULL = YES;
				CLANG_CXX_LANGUAGE_STANDARD = "gnu++0x";
				CLANG_CXX_LIBRARY = "libc++";
				CLANG_ENABLE_MODULES = YES;
				CLANG_ENABLE_OBJC_ARC = YES;
				CLANG_WARN_BOOL_CONVERSION = YES;
				CLANG_WARN_CONSTANT_CONVERSION = YES;
				CLANG_WARN_DIRECT_OBJC_ISA_USAGE = YES_ERROR;
				CLANG_WARN_EMPTY_BODY = YES;
				CLANG_WARN_ENUM_CONVERSION = YES;
				CLANG_WARN_INT_CONVERSION = YES;
				CLANG_WARN_OBJC_ROOT_CLASS = YES_ERROR;
				CLANG_WARN_UNREACHABLE_CODE = YES;
				CLANG_WARN__DUPLICATE_METHOD_MATCH = YES;
				"CODE_SIGN_IDENTITY[sdk=iphoneos*]" = "iPhone Developer";
				COPY_PHASE_STRIP = NO;
				DEBUG_INFORMATION_FORMAT = dwarf;
				ENABLE_STRICT_OBJC_MSGSEND = YES;
				ENABLE_TESTABILITY = YES;
				GCC_C_LANGUAGE_STANDARD = gnu99;
				GCC_DYNAMIC_NO_PIC = NO;
				GCC_NO_COMMON_BLOCKS = YES;
				GCC_OPTIMIZATION_LEVEL = 0;
				GCC_PREPROCESSOR_DEFINITIONS = (
					"DEBUG=1",
					"$(inherited)",
				);
				GCC_WARN_64_TO_32_BIT_CONVERSION = YES;
				GCC_WARN_ABOUT_RETURN_TYPE = YES_ERROR;
				GCC_WARN_UNDECLARED_SELECTOR = YES;
				GCC_WARN_UNINITIALIZED_AUTOS = YES_AGGRESSIVE;
				GCC_WARN_UNUSED_FUNCTION = YES;
				GCC_WARN_UNUSED_VARIABLE = YES;
				IPHONEOS_DEPLOYMENT_TARGET = 9.3;
				MTL_ENABLE_DEBUG_INFO = YES;
				ONLY_ACTIVE_ARCH = YES;
				SDKROOT = iphoneos;
				TARGETED_DEVICE_FAMILY = "1,2";
			};
			name = Debug;
		};
		B723593F1D45C25C0057E08D /* Release */ = {
			isa = XCBuildConfiguration;
			buildSettings = {
				ALWAYS_SEARCH_USER_PATHS = NO;
				CLANG_ANALYZER_NONNULL = YES;
				CLANG_CXX_LANGUAGE_STANDARD = "gnu++0x";
				CLANG_CXX_LIBRARY = "libc++";
				CLANG_ENABLE_MODULES = YES;
				CLANG_ENABLE_OBJC_ARC = YES;
				CLANG_WARN_BOOL_CONVERSION = YES;
				CLANG_WARN_CONSTANT_CONVERSION = YES;
				CLANG_WARN_DIRECT_OBJC_ISA_USAGE = YES_ERROR;
				CLANG_WARN_EMPTY_BODY = YES;
				CLANG_WARN_ENUM_CONVERSION = YES;
				CLANG_WARN_INT_CONVERSION = YES;
				CLANG_WARN_OBJC_ROOT_CLASS = YES_ERROR;
				CLANG_WARN_UNREACHABLE_CODE = YES;
				CLANG_WARN__DUPLICATE_METHOD_MATCH = YES;
				"CODE_SIGN_IDENTITY[sdk=iphoneos*]" = "iPhone Developer";
				COPY_PHASE_STRIP = NO;
				DEBUG_INFORMATION_FORMAT = "dwarf-with-dsym";
				ENABLE_NS_ASSERTIONS = NO;
				ENABLE_STRICT_OBJC_MSGSEND = YES;
				GCC_C_LANGUAGE_STANDARD = gnu99;
				GCC_NO_COMMON_BLOCKS = YES;
				GCC_WARN_64_TO_32_BIT_CONVERSION = YES;
				GCC_WARN_ABOUT_RETURN_TYPE = YES_ERROR;
				GCC_WARN_UNDECLARED_SELECTOR = YES;
				GCC_WARN_UNINITIALIZED_AUTOS = YES_AGGRESSIVE;
				GCC_WARN_UNUSED_FUNCTION = YES;
				GCC_WARN_UNUSED_VARIABLE = YES;
				IPHONEOS_DEPLOYMENT_TARGET = 9.3;
				MTL_ENABLE_DEBUG_INFO = NO;
				SDKROOT = iphoneos;
				TARGETED_DEVICE_FAMILY = "1,2";
				VALIDATE_PRODUCT = YES;
			};
			name = Release;
		};
		B72359411D45C25C0057E08D /* Debug */ = {
			isa = XCBuildConfiguration;
			baseConfigurationReference = D426BCF6BF626E2129261646 /* Pods-LZAFRequest.debug.xcconfig */;
			buildSettings = {
				ASSETCATALOG_COMPILER_APPICON_NAME = AppIcon;
				INFOPLIST_FILE = LZAFRequest/Info.plist;
				IPHONEOS_DEPLOYMENT_TARGET = 8.0;
				LD_RUNPATH_SEARCH_PATHS = "$(inherited) @executable_path/Frameworks";
				PRODUCT_BUNDLE_IDENTIFIER = cn.com.afcatstar.www.LZAFRequest;
				PRODUCT_NAME = "$(TARGET_NAME)";
			};
			name = Debug;
		};
		B72359421D45C25C0057E08D /* Release */ = {
			isa = XCBuildConfiguration;
			baseConfigurationReference = CE7590514FACD689DC5EB965 /* Pods-LZAFRequest.release.xcconfig */;
			buildSettings = {
				ASSETCATALOG_COMPILER_APPICON_NAME = AppIcon;
				INFOPLIST_FILE = LZAFRequest/Info.plist;
				IPHONEOS_DEPLOYMENT_TARGET = 8.0;
				LD_RUNPATH_SEARCH_PATHS = "$(inherited) @executable_path/Frameworks";
				PRODUCT_BUNDLE_IDENTIFIER = cn.com.afcatstar.www.LZAFRequest;
				PRODUCT_NAME = "$(TARGET_NAME)";
			};
			name = Release;
		};
		B72359441D45C25C0057E08D /* Debug */ = {
			isa = XCBuildConfiguration;
			baseConfigurationReference = 91146D763584070CFA884E23 /* Pods-LZAFRequestTests.debug.xcconfig */;
			buildSettings = {
				BUNDLE_LOADER = "$(TEST_HOST)";
				INFOPLIST_FILE = LZAFRequestTests/Info.plist;
				LD_RUNPATH_SEARCH_PATHS = "$(inherited) @executable_path/Frameworks @loader_path/Frameworks";
				PRODUCT_BUNDLE_IDENTIFIER = cn.com.afcatstar.www.LZAFRequestTests;
				PRODUCT_NAME = "$(TARGET_NAME)";
				TEST_HOST = "$(BUILT_PRODUCTS_DIR)/LZAFRequest.app/LZAFRequest";
			};
			name = Debug;
		};
		B72359451D45C25C0057E08D /* Release */ = {
			isa = XCBuildConfiguration;
			baseConfigurationReference = 5176AF02FC1C143F35E928FD /* Pods-LZAFRequestTests.release.xcconfig */;
			buildSettings = {
				BUNDLE_LOADER = "$(TEST_HOST)";
				INFOPLIST_FILE = LZAFRequestTests/Info.plist;
				LD_RUNPATH_SEARCH_PATHS = "$(inherited) @executable_path/Frameworks @loader_path/Frameworks";
				PRODUCT_BUNDLE_IDENTIFIER = cn.com.afcatstar.www.LZAFRequestTests;
				PRODUCT_NAME = "$(TARGET_NAME)";
				TEST_HOST = "$(BUILT_PRODUCTS_DIR)/LZAFRequest.app/LZAFRequest";
			};
			name = Release;
		};
		B72359471D45C25C0057E08D /* Debug */ = {
			isa = XCBuildConfiguration;
			baseConfigurationReference = 69B75F2B9FDA37CF087A93A5 /* Pods-LZAFRequestUITests.debug.xcconfig */;
			buildSettings = {
				INFOPLIST_FILE = LZAFRequestUITests/Info.plist;
				LD_RUNPATH_SEARCH_PATHS = "$(inherited) @executable_path/Frameworks @loader_path/Frameworks";
				PRODUCT_BUNDLE_IDENTIFIER = cn.com.afcatstar.www.LZAFRequestUITests;
				PRODUCT_NAME = "$(TARGET_NAME)";
				TEST_TARGET_NAME = LZAFRequest;
			};
			name = Debug;
		};
		B72359481D45C25C0057E08D /* Release */ = {
			isa = XCBuildConfiguration;
			baseConfigurationReference = 131549A63CCCF2C4371CC15D /* Pods-LZAFRequestUITests.release.xcconfig */;
			buildSettings = {
				INFOPLIST_FILE = LZAFRequestUITests/Info.plist;
				LD_RUNPATH_SEARCH_PATHS = "$(inherited) @executable_path/Frameworks @loader_path/Frameworks";
				PRODUCT_BUNDLE_IDENTIFIER = cn.com.afcatstar.www.LZAFRequestUITests;
				PRODUCT_NAME = "$(TARGET_NAME)";
				TEST_TARGET_NAME = LZAFRequest;
			};
			name = Release;
		};
/* End XCBuildConfiguration section */

/* Begin XCConfigurationList section */
		B723590E1D45C25C0057E08D /* Build configuration list for PBXProject "LZAFRequest" */ = {
			isa = XCConfigurationList;
			buildConfigurations = (
				B723593E1D45C25C0057E08D /* Debug */,
				B723593F1D45C25C0057E08D /* Release */,
			);
			defaultConfigurationIsVisible = 0;
			defaultConfigurationName = Release;
		};
		B72359401D45C25C0057E08D /* Build configuration list for PBXNativeTarget "LZAFRequest" */ = {
			isa = XCConfigurationList;
			buildConfigurations = (
				B72359411D45C25C0057E08D /* Debug */,
				B72359421D45C25C0057E08D /* Release */,
			);
			defaultConfigurationIsVisible = 0;
			defaultConfigurationName = Release;
		};
		B72359431D45C25C0057E08D /* Build configuration list for PBXNativeTarget "LZAFRequestTests" */ = {
			isa = XCConfigurationList;
			buildConfigurations = (
				B72359441D45C25C0057E08D /* Debug */,
				B72359451D45C25C0057E08D /* Release */,
			);
			defaultConfigurationIsVisible = 0;
			defaultConfigurationName = Release;
		};
		B72359461D45C25C0057E08D /* Build configuration list for PBXNativeTarget "LZAFRequestUITests" */ = {
			isa = XCConfigurationList;
			buildConfigurations = (
				B72359471D45C25C0057E08D /* Debug */,
				B72359481D45C25C0057E08D /* Release */,
			);
			defaultConfigurationIsVisible = 0;
			defaultConfigurationName = Release;
		};
/* End XCConfigurationList section */
	};
	rootObject = B723590B1D45C25C0057E08D /* Project object */;
}
